
Microsoft Visual Studio Solution File, Format Version 12.00
# Visual Studio 15
VisualStudioVersion = 15.0.27004.2002
MinimumVisualStudioVersion = 10.0.40219.1
Project("{FAE04EC0-301F-11D3-BF4B-00C04F79EFBC}") = "Demo.UWP", "Demo.UWP\Demo.UWP.csproj", "{040B5BEA-2A00-49A8-A2F8-78B821DE8B97}"
	ProjectSection(ProjectDependencies) = postProject
		{B2AD5F31-40B8-48C2-9373-5BECA9FF5742} = {B2AD5F31-40B8-48C2-9373-5BECA9FF5742}
	EndProjectSection
EndProject
Project("{FAE04EC0-301F-11D3-BF4B-00C04F79EFBC}") = "Demo.WPF", "Demo.WPF\Demo.WPF.csproj", "{B2AD5F31-40B8-48C2-9373-5BECA9FF5742}"
EndProject
Project("{FAE04EC0-301F-11D3-BF4B-00C04F79EFBC}") = "Demo.Debug", "Demo.Debug\Demo.Debug.vsdproj", "{6C6501C0-BB9C-471A-97C8-D2A0F131CBC4}"
	ProjectSection(ProjectDependencies) = postProject
		{B2AD5F31-40B8-48C2-9373-5BECA9FF5742} = {B2AD5F31-40B8-48C2-9373-5BECA9FF5742}
		{040B5BEA-2A00-49A8-A2F8-78B821DE8B97} = {040B5BEA-2A00-49A8-A2F8-78B821DE8B97}
	EndProjectSection
EndProject
Project("{FAE04EC0-301F-11D3-BF4B-00C04F79EFBC}") = "Demo.WinFrom", "Demo.WinFrom\Demo.WinFrom.csproj", "{35CCD42E-AB4A-4489-AFA5-202609A923E8}"
EndProject
Global
	GlobalSection(SolutionConfigurationPlatforms) = preSolution
		Debug|Any CPU = Debug|Any CPU
		Debug|ARM = Debug|ARM
		Debug|x64 = Debug|x64
		Debug|x86 = Debug|x86
		Release|Any CPU = Release|Any CPU
		Release|ARM = Release|ARM
		Release|x64 = Release|x64
		Release|x86 = Release|x86
	EndGlobalSection
	GlobalSection(ProjectConfigurationPlatforms) = postSolution
		{040B5BEA-2A00-49A8-A2F8-78B821DE8B97}.Debug|Any CPU.ActiveCfg = Debug|x86
		{040B5BEA-2A00-49A8-A2F8-78B821DE8B97}.Debug|ARM.ActiveCfg = Debug|ARM
		{040B5BEA-2A00-49A8-A2F8-78B821DE8B97}.Debug|ARM.Build.0 = Debug|ARM
		{040B5BEA-2A00-49A8-A2F8-78B821DE8B97}.Debug|ARM.Deploy.0 = Debug|ARM
		{040B5BEA-2A00-49A8-A2F8-78B821DE8B97}.Debug|x64.ActiveCfg = Debug|x64
		{040B5BEA-2A00-49A8-A2F8-78B821DE8B97}.Debug|x64.Build.0 = Debug|x64
		{040B5BEA-2A00-49A8-A2F8-78B821DE8B97}.Debug|x64.Deploy.0 = Debug|x64
		{040B5BEA-2A00-49A8-A2F8-78B821DE8B97}.Debug|x86.ActiveCfg = Release|x86
		{040B5BEA-2A00-49A8-A2F8-78B821DE8B97}.Debug|x86.Build.0 = Release|x86
		{040B5BEA-2A00-49A8-A2F8-78B821DE8B97}.Debug|x86.Deploy.0 = Release|x86
		{040B5BEA-2A00-49A8-A2F8-78B821DE8B97}.Release|Any CPU.ActiveCfg = Release|x86
		{040B5BEA-2A00-49A8-A2F8-78B821DE8B97}.Release|ARM.ActiveCfg = Release|ARM
		{040B5BEA-2A00-49A8-A2F8-78B821DE8B97}.Release|ARM.Build.0 = Release|ARM
		{040B5BEA-2A00-49A8-A2F8-78B821DE8B97}.Release|ARM.Deploy.0 = Release|ARM
		{040B5BEA-2A00-49A8-A2F8-78B821DE8B97}.Release|x64.ActiveCfg = Release|x64
		{040B5BEA-2A00-49A8-A2F8-78B821DE8B97}.Release|x64.Build.0 = Release|x64
		{040B5BEA-2A00-49A8-A2F8-78B821DE8B97}.Release|x64.Deploy.0 = Release|x64
		{040B5BEA-2A00-49A8-A2F8-78B821DE8B97}.Release|x86.ActiveCfg = Release|x86
		{040B5BEA-2A00-49A8-A2F8-78B821DE8B97}.Release|x86.Build.0 = Release|x86
		{040B5BEA-2A00-49A8-A2F8-78B821DE8B97}.Release|x86.Deploy.0 = Release|x86
		{B2AD5F31-40B8-48C2-9373-5BECA9FF5742}.Debug|Any CPU.ActiveCfg = Debug|Any CPU
		{B2AD5F31-40B8-48C2-9373-5BECA9FF5742}.Debug|Any CPU.Build.0 = Debug|Any CPU
		{B2AD5F31-40B8-48C2-9373-5BECA9FF5742}.Debug|ARM.ActiveCfg = Debug|Any CPU
		{B2AD5F31-40B8-48C2-9373-5BECA9FF5742}.Debug|ARM.Build.0 = Debug|Any CPU
		{B2AD5F31-40B8-48C2-9373-5BECA9FF5742}.Debug|x64.ActiveCfg = Debug|Any CPU
		{B2AD5F31-40B8-48C2-9373-5BECA9FF5742}.Debug|x64.Build.0 = Debug|Any CPU
		{B2AD5F31-40B8-48C2-9373-5BECA9FF5742}.Debug|x86.ActiveCfg = Debug|Any CPU
		{B2AD5F31-40B8-48C2-9373-5BECA9FF5742}.Debug|x86.Build.0 = Debug|Any CPU
		{B2AD5F31-40B8-48C2-9373-5BECA9FF5742}.Release|Any CPU.ActiveCfg = Release|Any CPU
		{B2AD5F31-40B8-48C2-9373-5BECA9FF5742}.Release|Any CPU.Build.0 = Release|Any CPU
		{B2AD5F31-40B8-48C2-9373-5BECA9FF5742}.Release|ARM.ActiveCfg = Release|Any CPU
		{B2AD5F31-40B8-48C2-9373-5BECA9FF5742}.Release|ARM.Build.0 = Release|Any CPU
		{B2AD5F31-40B8-48C2-9373-5BECA9FF5742}.Release|x64.ActiveCfg = Release|Any CPU
		{B2AD5F31-40B8-48C2-9373-5BECA9FF5742}.Release|x64.Build.0 = Release|Any CPU
		{B2AD5F31-40B8-48C2-9373-5BECA9FF5742}.Release|x86.ActiveCfg = Release|Any CPU
		{B2AD5F31-40B8-48C2-9373-5BECA9FF5742}.Release|x86.Build.0 = Release|Any CPU
		{6C6501C0-BB9C-471A-97C8-D2A0F131CBC4}.Debug|Any CPU.ActiveCfg = Debug|Any CPU
		{6C6501C0-BB9C-471A-97C8-D2A0F131CBC4}.Debug|Any CPU.Build.0 = Debug|Any CPU
		{6C6501C0-BB9C-471A-97C8-D2A0F131CBC4}.Debug|Any CPU.Deploy.0 = Debug|Any CPU
		{6C6501C0-BB9C-471A-97C8-D2A0F131CBC4}.Debug|ARM.ActiveCfg = Debug|ARM
		{6C6501C0-BB9C-471A-97C8-D2A0F131CBC4}.Debug|ARM.Build.0 = Debug|ARM
		{6C6501C0-BB9C-471A-97C8-D2A0F131CBC4}.Debug|ARM.Deploy.0 = Debug|ARM
		{6C6501C0-BB9C-471A-97C8-D2A0F131CBC4}.Debug|x64.ActiveCfg = Debug|x64
		{6C6501C0-BB9C-471A-97C8-D2A0F131CBC4}.Debug|x64.Build.0 = Debug|x64
		{6C6501C0-BB9C-471A-97C8-D2A0F131CBC4}.Debug|x64.Deploy.0 = Debug|x64
		{6C6501C0-BB9C-471A-97C8-D2A0F131CBC4}.Debug|x86.ActiveCfg = Debug|x86
		{6C6501C0-BB9C-471A-97C8-D2A0F131CBC4}.Debug|x86.Build.0 = Debug|x86
		{6C6501C0-BB9C-471A-97C8-D2A0F131CBC4}.Debug|x86.Deploy.0 = Debug|x86
		{6C6501C0-BB9C-471A-97C8-D2A0F131CBC4}.Release|Any CPU.ActiveCfg = Release|Any CPU
		{6C6501C0-BB9C-471A-97C8-D2A0F131CBC4}.Release|Any CPU.Build.0 = Release|Any CPU
		{6C6501C0-BB9C-471A-97C8-D2A0F131CBC4}.Release|Any CPU.Deploy.0 = Release|Any CPU
		{6C6501C0-BB9C-471A-97C8-D2A0F131CBC4}.Release|ARM.ActiveCfg = Release|ARM
		{6C6501C0-BB9C-471A-97C8-D2A0F131CBC4}.Release|ARM.Build.0 = Release|ARM
		{6C6501C0-BB9C-471A-97C8-D2A0F131CBC4}.Release|ARM.Deploy.0 = Release|ARM
		{6C6501C0-BB9C-471A-97C8-D2A0F131CBC4}.Release|x64.ActiveCfg = Release|x64
		{6C6501C0-BB9C-471A-97C8-D2A0F131CBC4}.Release|x64.Build.0 = Release|x64
		{6C6501C0-BB9C-471A-97C8-D2A0F131CBC4}.Release|x64.Deploy.0 = Release|x64
		{6C6501C0-BB9C-471A-97C8-D2A0F131CBC4}.Release|x86.ActiveCfg = Release|x86
		{6C6501C0-BB9C-471A-97C8-D2A0F131CBC4}.Release|x86.Build.0 = Release|x86
		{6C6501C0-BB9C-471A-97C8-D2A0F131CBC4}.Release|x86.Deploy.0 = Release|x86
		{35CCD42E-AB4A-4489-AFA5-202609A923E8}.Debug|Any CPU.ActiveCfg = Debug|Any CPU
		{35CCD42E-AB4A-4489-AFA5-202609A923E8}.Debug|Any CPU.Build.0 = Debug|Any CPU
		{35CCD42E-AB4A-4489-AFA5-202609A923E8}.Debug|ARM.ActiveCfg = Debug|Any CPU
		{35CCD42E-AB4A-4489-AFA5-202609A923E8}.Debug|ARM.Build.0 = Debug|Any CPU
		{35CCD42E-AB4A-4489-AFA5-202609A923E8}.Debug|x64.ActiveCfg = Debug|Any CPU
		{35CCD42E-AB4A-4489-AFA5-202609A923E8}.Debug|x64.Build.0 = Debug|Any CPU
		{35CCD42E-AB4A-4489-AFA5-202609A923E8}.Debug|x86.ActiveCfg = Debug|Any CPU
		{35CCD42E-AB4A-4489-AFA5-202609A923E8}.Debug|x86.Build.0 = Debug|Any CPU
		{35CCD42E-AB4A-4489-AFA5-202609A923E8}.Release|Any CPU.ActiveCfg = Release|Any CPU
		{35CCD42E-AB4A-4489-AFA5-202609A923E8}.Release|Any CPU.Build.0 = Release|Any CPU
		{35CCD42E-AB4A-4489-AFA5-202609A923E8}.Release|ARM.ActiveCfg = Release|Any CPU
		{35CCD42E-AB4A-4489-AFA5-202609A923E8}.Release|ARM.Build.0 = Release|Any CPU
		{35CCD42E-AB4A-4489-AFA5-202609A923E8}.Release|x64.ActiveCfg = Release|Any CPU
		{35CCD42E-AB4A-4489-AFA5-202609A923E8}.Release|x64.Build.0 = Release|Any CPU
		{35CCD42E-AB4A-4489-AFA5-202609A923E8}.Release|x86.ActiveCfg = Release|Any CPU
		{35CCD42E-AB4A-4489-AFA5-202609A923E8}.Release|x86.Build.0 = Release|Any CPU
	EndGlobalSection
	GlobalSection(SolutionProperties) = preSolution
		HideSolutionNode = FALSE
	EndGlobalSection
	GlobalSection(ExtensibilityGlobals) = postSolution
		SolutionGuid = {7FD66050-6FB2-40E6-ACF3-34B4FF731B96}
	EndGlobalSection
EndGlobal
